
Microsoft Visual Studio Solution File, Format Version 12.00
# Visual Studio Version 17
VisualStudioVersion = 17.10.34902.84
MinimumVisualStudioVersion = 10.0.40219.1
Project("{FAE04EC0-301F-11D3-BF4B-00C04F79EFBC}") = "LockerOpener", "LockerOpener\LockerOpener.csproj", "{15053967-EECE-459F-9028-7D83E6B1E83E}"
EndProject
Global
	GlobalSection(SolutionConfigurationPlatforms) = preSolution
		Debug|Any CPU = Debug|Any CPU
		Release|Any CPU = Release|Any CPU
	EndGlobalSection
	GlobalSection(ProjectConfigurationPlatforms) = postSolution
		{15053967-EECE-459F-9028-7D83E6B1E83E}.Debug|Any CPU.ActiveCfg = Debug|Any CPU
		{15053967-EECE-459F-9028-7D83E6B1E83E}.Debug|Any CPU.Build.0 = Debug|Any CPU
		{15053967-EECE-459F-9028-7D83E6B1E83E}.Release|Any CPU.ActiveCfg = Release|Any CPU
		{15053967-EECE-459F-9028-7D83E6B1E83E}.Release|Any CPU.Build.0 = Release|Any CPU
	EndGlobalSection
	GlobalSection(SolutionProperties) = preSolution
		HideSolutionNode = FALSE
	EndGlobalSection
	GlobalSection(ExtensibilityGlobals) = postSolution
		SolutionGuid = {B1339B4F-1843-4EDE-B7ED-DAB9D948D9BE}
	EndGlobalSection
EndGlobal
